
Microsoft Visual Studio Solution File, Format Version 12.00
# Visual Studio 15
VisualStudioVersion = 15.0.27703.2026
MinimumVisualStudioVersion = 10.0.40219.1
Project("{FAE04EC0-301F-11D3-BF4B-00C04F79EFBC}") = "Coreculator", "Coreculator\Coreculator.csproj", "{BAF86A07-AAEF-4D27-9143-65B172309C7C}"
EndProject
Project("{FAE04EC0-301F-11D3-BF4B-00C04F79EFBC}") = "Coreculator.Test.Unit", "Coreculator.Test.Unit\Coreculator.Test.Unit.csproj", "{C84A4473-2FB6-457C-922C-5F987109C93E}"
EndProject
Project("{2150E333-8FDC-42A3-9474-1A3956D46DE8}") = "Solution Items", "Solution Items", "{F0B0F08F-CC6D-49A2-8D69-0371652DAE35}"
	ProjectSection(SolutionItems) = preProject
		README.md = README.md
	EndProjectSection
EndProject
Global
	GlobalSection(SolutionConfigurationPlatforms) = preSolution
		Debug|Any CPU = Debug|Any CPU
		Release|Any CPU = Release|Any CPU
	EndGlobalSection
	GlobalSection(ProjectConfigurationPlatforms) = postSolution
		{BAF86A07-AAEF-4D27-9143-65B172309C7C}.Debug|Any CPU.ActiveCfg = Debug|Any CPU
		{BAF86A07-AAEF-4D27-9143-65B172309C7C}.Debug|Any CPU.Build.0 = Debug|Any CPU
		{BAF86A07-AAEF-4D27-9143-65B172309C7C}.Release|Any CPU.ActiveCfg = Release|Any CPU
		{BAF86A07-AAEF-4D27-9143-65B172309C7C}.Release|Any CPU.Build.0 = Release|Any CPU
		{C84A4473-2FB6-457C-922C-5F987109C93E}.Debug|Any CPU.ActiveCfg = Debug|Any CPU
		{C84A4473-2FB6-457C-922C-5F987109C93E}.Debug|Any CPU.Build.0 = Debug|Any CPU
		{C84A4473-2FB6-457C-922C-5F987109C93E}.Release|Any CPU.ActiveCfg = Release|Any CPU
		{C84A4473-2FB6-457C-922C-5F987109C93E}.Release|Any CPU.Build.0 = Release|Any CPU
	EndGlobalSection
	GlobalSection(SolutionProperties) = preSolution
		HideSolutionNode = FALSE
	EndGlobalSection
	GlobalSection(ExtensibilityGlobals) = postSolution
		SolutionGuid = {DED5CF3D-C0BE-4281-B47C-7FAD1EFBAFAB}
	EndGlobalSection
EndGlobal
